
Microsoft Visual Studio Solution File, Format Version 12.00
# Visual Studio Version 16
VisualStudioVersion = 16.0.29806.167
MinimumVisualStudioVersion = 10.0.40219.1
Project("{FAE04EC0-301F-11D3-BF4B-00C04F79EFBC}") = "Bobux", "Bobux\Bobux.csproj", "{FD5A928B-FD5C-420C-9ED4-9FD54730B46A}"
EndProject
Project("{888888A0-9F3D-457C-B088-3A5042F75D52}") = "BobuxServer", "BobuxServer\BobuxServer.pyproj", "{7E03BBF5-8263-433F-9A00-2BBCA95EFF20}"
EndProject
Global
	GlobalSection(SolutionConfigurationPlatforms) = preSolution
		Debug|Any CPU = Debug|Any CPU
		Release|Any CPU = Release|Any CPU
	EndGlobalSection
	GlobalSection(ProjectConfigurationPlatforms) = postSolution
		{FD5A928B-FD5C-420C-9ED4-9FD54730B46A}.Debug|Any CPU.ActiveCfg = Debug|Any CPU
		{FD5A928B-FD5C-420C-9ED4-9FD54730B46A}.Debug|Any CPU.Build.0 = Debug|Any CPU
		{FD5A928B-FD5C-420C-9ED4-9FD54730B46A}.Release|Any CPU.ActiveCfg = Release|Any CPU
		{FD5A928B-FD5C-420C-9ED4-9FD54730B46A}.Release|Any CPU.Build.0 = Release|Any CPU
		{7E03BBF5-8263-433F-9A00-2BBCA95EFF20}.Debug|Any CPU.ActiveCfg = Debug|Any CPU
		{7E03BBF5-8263-433F-9A00-2BBCA95EFF20}.Release|Any CPU.ActiveCfg = Release|Any CPU
	EndGlobalSection
	GlobalSection(SolutionProperties) = preSolution
		HideSolutionNode = FALSE
	EndGlobalSection
	GlobalSection(ExtensibilityGlobals) = postSolution
		SolutionGuid = {0040202C-4CE8-49CC-9FFE-9A2D816D2570}
	EndGlobalSection
EndGlobal
